// !$*UTF8*$!
{
	archiveVersion = 1;
	classes = {
	};
	objectVersion = 77;
	objects = {

/* Begin PBXContainerItemProxy section */
		B26E274D2F88C5F9006A026D /* PBXContainerItemProxy */ = {
			isa = PBXContainerItemProxy;
			containerPortal = B26E27372F88C5F7006A026D /* Project object */;
			proxyType = 1;
			remoteGlobalIDString = B26E273E2F88C5F7006A026D;
			remoteInfo = DevOpsPipelineApp;
		};
		B26E27572F88C5F9006A026D /* PBXContainerItemProxy */ = {
			isa = PBXContainerItemProxy;
			containerPortal = B26E27372F88C5F7006A026D /* Project object */;
			proxyType = 1;
			remoteGlobalIDString = B26E273E2F88C5F7006A026D;
			remoteInfo = DevOpsPipelineApp;
		};
/* End PBXContainerItemProxy section */

/* Begin PBXFileReference section */
		B26E273F2F88C5F7006A026D /* DevOpsPipelineApp.app */ = {isa = PBXFileReference; explicitFileType = wrapper.application; includeInIndex = 0; path = DevOpsPipelineApp.app; sourceTree = BUILT_PRODUCTS_DIR; };
		B26E274C2F88C5F9006A026D /* DevOpsPipelineAppTests.xctest */ = {isa = PBXFileReference; explicitFileType = wrapper.cfbundle; includeInIndex = 0; path = DevOpsPipelineAppTests.xctest; sourceTree = BUILT_PRODUCTS_DIR; };
		B26E27562F88C5F9006A026D /* DevOpsPipelineAppUITests.xctest */ = {isa = PBXFileReference; explicitFileType = wrapper.cfbundle; includeInIndex = 0; path = DevOpsPipelineAppUITests.xctest; sourceTree = BUILT_PRODUCTS_DIR; };
/* End PBXFileReference section */

/* Begin PBXFileSystemSynchronizedRootGroup section */
		B26E27412F88C5F7006A026D /* DevOpsPipelineApp */ = {
			isa = PBXFileSystemSynchronizedRootGroup;
			path = DevOpsPipelineApp;
			sourceTree = "<group>";
		};
		B26E274F2F88C5F9006A026D /* DevOpsPipelineAppTests */ = {
			isa = PBXFileSystemSynchronizedRootGroup;
			path = DevOpsPipelineAppTests;
			sourceTree = "<group>";
		};
		B26E27592F88C5F9006A026D /* DevOpsPipelineAppUITests */ = {
			isa = PBXFileSystemSynchronizedRootGroup;
			path = DevOpsPipelineAppUITests;
			sourceTree = "<group>";
		};
/* End PBXFileSystemSynchronizedRootGroup section */

/* Begin PBXFrameworksBuildPhase section */
		B26E273C2F88C5F7006A026D /* Frameworks */ = {
			isa = PBXFrameworksBuildPhase;
			buildActionMask = 2147483647;
			files = (
			);
			runOnlyForDeploymentPostprocessing = 0;
		};
		B26E27492F88C5F9006A026D /* Frameworks */ = {
			isa = PBXFrameworksBuildPhase;
			buildActionMask = 2147483647;
			files = (
			);
			runOnlyForDeploymentPostprocessing = 0;
		};
		B26E27532F88C5F9006A026D /* Frameworks */ = {
			isa = PBXFrameworksBuildPhase;
			buildActionMask = 2147483647;
			files = (
			);
			runOnlyForDeploymentPostprocessing = 0;
		};
/* End PBXFrameworksBuildPhase section */

/* Begin PBXGroup section */
		B26E27362F88C5F7006A026D = {
			isa = PBXGroup;
			children = (
				B26E27412F88C5F7006A026D /* DevOpsPipelineApp */,
				B26E274F2F88C5F9006A026D /* DevOpsPipelineAppTests */,
				B26E27592F88C5F9006A026D /* DevOpsPipelineAppUITests */,
				B26E27402F88C5F7006A026D /* Products */,
			);
			sourceTree = "<group>";
		};
		B26E27402F88C5F7006A026D /* Products */ = {
			isa = PBXGroup;
			children = (
				B26E273F2F88C5F7006A026D /* DevOpsPipelineApp.app */,
				B26E274C2F88C5F9006A026D /* DevOpsPipelineAppTests.xctest */,
				B26E27562F88C5F9006A026D /* DevOpsPipelineAppUITests.xctest */,
			);
			name = Products;
			sourceTree = "<group>";
		};
/* End PBXGroup section */

/* Begin PBXNativeTarget section */
		B26E273E2F88C5F7006A026D /* DevOpsPipelineApp */ = {
			isa = PBXNativeTarget;
			buildConfigurationList = B26E27602F88C5F9006A026D /* Build configuration list for PBXNativeTarget "DevOpsPipelineApp" */;
			buildPhases = (
				B26E273B2F88C5F7006A026D /* Sources */,
				B26E273C2F88C5F7006A026D /* Frameworks */,
				B26E273D2F88C5F7006A026D /* Resources */,
			);
			buildRules = (
			);
			dependencies = (
			);
			fileSystemSynchronizedGroups = (
				B26E27412F88C5F7006A026D /* DevOpsPipelineApp */,
			);
			name = DevOpsPipelineApp;
			packageProductDependencies = (
			);
			productName = DevOpsPipelineApp;
			productReference = B26E273F2F88C5F7006A026D /* DevOpsPipelineApp.app */;
			productType = "com.apple.product-type.application";
		};
		B26E274B2F88C5F9006A026D /* DevOpsPipelineAppTests */ = {
			isa = PBXNativeTarget;
			buildConfigurationList = B26E27632F88C5F9006A026D /* Build configuration list for PBXNativeTarget "DevOpsPipelineAppTests" */;
			buildPhases = (
				B26E27482F88C5F9006A026D /* Sources */,
				B26E27492F88C5F9006A026D /* Frameworks */,
				B26E274A2F88C5F9006A026D /* Resources */,
			);
			buildRules = (
			);
			dependencies = (
				B26E274E2F88C5F9006A026D /* PBXTargetDependency */,
			);
			fileSystemSynchronizedGroups = (
				B26E274F2F88C5F9006A026D /* DevOpsPipelineAppTests */,
			);
			name = DevOpsPipelineAppTests;
			packageProductDependencies = (
			);
			productName = DevOpsPipelineAppTests;
			productReference = B26E274C2F88C5F9006A026D /* DevOpsPipelineAppTests.xctest */;
			productType = "com.apple.product-type.bundle.unit-test";
		};
		B26E27552F88C5F9006A026D /* DevOpsPipelineAppUITests */ = {
			isa = PBXNativeTarget;
			buildConfigurationList = B26E27662F88C5F9006A026D /* Build configuration list for PBXNativeTarget "DevOpsPipelineAppUITests" */;
			buildPhases = (
				B26E27522F88C5F9006A026D /* Sources */,
				B26E27532F88C5F9006A026D /* Frameworks */,
				B26E27542F88C5F9006A026D /* Resources */,
			);
			buildRules = (
			);
			dependencies = (
				B26E27582F88C5F9006A026D /* PBXTargetDependency */,
			);
			fileSystemSynchronizedGroups = (
				B26E27592F88C5F9006A026D /* DevOpsPipelineAppUITests */,
			);
			name = DevOpsPipelineAppUITests;
			packageProductDependencies = (
			);
			productName = DevOpsPipelineAppUITests;
			productReference = B26E27562F88C5F9006A026D /* DevOpsPipelineAppUITests.xctest */;
			productType = "com.apple.product-type.bundle.ui-testing";
		};
/* End PBXNativeTarget section */

/* Begin PBXProject section */
		B26E27372F88C5F7006A026D /* Project object */ = {
			isa = PBXProject;
			attributes = {
				BuildIndependentTargetsInParallel = 1;
				LastSwiftUpdateCheck = 2640;
				LastUpgradeCheck = 2640;
				TargetAttributes = {
					B26E273E2F88C5F7006A026D = {
						CreatedOnToolsVersion = 26.4;
					};
					B26E274B2F88C5F9006A026D = {
						CreatedOnToolsVersion = 26.4;
						TestTargetID = B26E273E2F88C5F7006A026D;
					};
					B26E27552F88C5F9006A026D = {
						CreatedOnToolsVersion = 26.4;
						TestTargetID = B26E273E2F88C5F7006A026D;
					};
				};
			};
			buildConfigurationList = B26E273A2F88C5F7006A026D /* Build configuration list for PBXProject "DevOpsPipelineApp" */;
			developmentRegion = en;
			hasScannedForEncodings = 0;
			knownRegions = (
				en,
				Base,
			);
			mainGroup = B26E27362F88C5F7006A026D;
			minimizedProjectReferenceProxies = 1;
			preferredProjectObjectVersion = 77;
			productRefGroup = B26E27402F88C5F7006A026D /* Products */;
			projectDirPath = "";
			projectRoot = "";
			targets = (
				B26E273E2F88C5F7006A026D /* DevOpsPipelineApp */,
				B26E274B2F88C5F9006A026D /* DevOpsPipelineAppTests */,
				B26E27552F88C5F9006A026D /* DevOpsPipelineAppUITests */,
			);
		};
/* End PBXProject section */

/* Begin PBXResourcesBuildPhase section */
		B26E273D2F88C5F7006A026D /* Resources */ = {
			isa = PBXResourcesBuildPhase;
			buildActionMask = 2147483647;
			files = (
			);
			runOnlyForDeploymentPostprocessing = 0;
		};
		B26E274A2F88C5F9006A026D /* Resources */ = {
			isa = PBXResourcesBuildPhase;
			buildActionMask = 2147483647;
			files = (
			);
			runOnlyForDeploymentPostprocessing = 0;
		};
		B26E27542F88C5F9006A026D /* Resources */ = {
			isa = PBXResourcesBuildPhase;
			buildActionMask = 2147483647;
			files = (
			);
			runOnlyForDeploymentPostprocessing = 0;
		};
/* End PBXResourcesBuildPhase section */

/* Begin PBXSourcesBuildPhase section */
		B26E273B2F88C5F7006A026D /* Sources */ = {
			isa = PBXSourcesBuildPhase;
			buildActionMask = 2147483647;
			files = (
			);
			runOnlyForDeploymentPostprocessing = 0;
		};
		B26E27482F88C5F9006A026D /* Sources */ = {
			isa = PBXSourcesBuildPhase;
			buildActionMask = 2147483647;
			files = (
			);
			runOnlyForDeploymentPostprocessing = 0;
		};
		B26E27522F88C5F9006A026D /* Sources */ = {
			isa = PBXSourcesBuildPhase;
			buildActionMask = 2147483647;
			files = (
			);
			runOnlyForDeploymentPostprocessing = 0;
		};
/* End PBXSourcesBuildPhase section */

/* Begin PBXTargetDependency section */
		B26E274E2F88C5F9006A026D /* PBXTargetDependency */ = {
			isa = PBXTargetDependency;
			target = B26E273E2F88C5F7006A026D /* DevOpsPipelineApp */;
			targetProxy = B26E274D2F88C5F9006A026D /* PBXContainerItemProxy */;
		};
		B26E27582F88C5F9006A026D /* PBXTargetDependency */ = {
			isa = PBXTargetDependency;
			target = B26E273E2F88C5F7006A026D /* DevOpsPipelineApp */;
			targetProxy = B26E27572F88C5F9006A026D /* PBXContainerItemProxy */;
		};
/* End PBXTargetDependency section */

/* Begin XCBuildConfiguration section */
		B26E275E2F88C5F9006A026D /* Debug */ = {
			isa = XCBuildConfiguration;
			buildSettings = {
				ALWAYS_SEARCH_USER_PATHS = NO;
				ASSETCATALOG_COMPILER_GENERATE_SWIFT_ASSET_SYMBOL_EXTENSIONS = YES;
				CLANG_ANALYZER_NONNULL = YES;
				CLANG_ANALYZER_NUMBER_OBJECT_CONVERSION = YES_AGGRESSIVE;
				CLANG_CXX_LANGUAGE_STANDARD = "gnu++20";
				CLANG_ENABLE_MODULES = YES;
				CLANG_ENABLE_OBJC_ARC = YES;
				CLANG_ENABLE_OBJC_WEAK = YES;
				CLANG_WARN_BLOCK_CAPTURE_AUTORELEASING = YES;
				CLANG_WARN_BOOL_CONVERSION = YES;
				CLANG_WARN_COMMA = YES;
				CLANG_WARN_CONSTANT_CONVERSION = YES;
				CLANG_WARN_DEPRECATED_OBJC_IMPLEMENTATIONS = YES;
				CLANG_WARN_DIRECT_OBJC_ISA_USAGE = YES_ERROR;
				CLANG_WARN_DOCUMENTATION_COMMENTS = YES;
				CLANG_WARN_EMPTY_BODY = YES;
				CLANG_WARN_ENUM_CONVERSION = YES;
				CLANG_WARN_INFINITE_RECURSION = YES;
				CLANG_WARN_INT_CONVERSION = YES;
				CLANG_WARN_NON_LITERAL_NULL_CONVERSION = YES;
				CLANG_WARN_OBJC_IMPLICIT_RETAIN_SELF = YES;
				CLANG_WARN_OBJC_LITERAL_CONVERSION = YES;
				CLANG_WARN_OBJC_ROOT_CLASS = YES_ERROR;
				CLANG_WARN_QUOTED_INCLUDE_IN_FRAMEWORK_HEADER = YES;
				CLANG_WARN_RANGE_LOOP_ANALYSIS = YES;
				CLANG_WARN_STRICT_PROTOTYPES = YES;
				CLANG_WARN_SUSPICIOUS_MOVE = YES;
				CLANG_WARN_UNGUARDED_AVAILABILITY = YES_AGGRESSIVE;
				CLANG_WARN_UNREACHABLE_CODE = YES;
				CLANG_WARN__DUPLICATE_METHOD_MATCH = YES;
				COPY_PHASE_STRIP = NO;
				DEBUG_INFORMATION_FORMAT = dwarf;
				DEVELOPMENT_TEAM = ALAUTD7825;
				ENABLE_STRICT_OBJC_MSGSEND = YES;
				ENABLE_TESTABILITY = YES;
				ENABLE_USER_SCRIPT_SANDBOXING = YES;
				GCC_C_LANGUAGE_STANDARD = gnu17;
				GCC_DYNAMIC_NO_PIC = NO;
				GCC_NO_COMMON_BLOCKS = YES;
				GCC_OPTIMIZATION_LEVEL = 0;
				GCC_PREPROCESSOR_DEFINITIONS = (
					"DEBUG=1",
					"$(inherited)",
				);
				GCC_WARN_64_TO_32_BIT_CONVERSION = YES;
				GCC_WARN_ABOUT_RETURN_TYPE = YES_ERROR;
				GCC_WARN_UNDECLARED_SELECTOR = YES;
				GCC_WARN_UNINITIALIZED_AUTOS = YES_AGGRESSIVE;
				GCC_WARN_UNUSED_FUNCTION = YES;
				GCC_WARN_UNUSED_VARIABLE = YES;
				IPHONEOS_DEPLOYMENT_TARGET = 26.4;
				LOCALIZATION_PREFERS_STRING_CATALOGS = YES;
				MTL_ENABLE_DEBUG_INFO = INCLUDE_SOURCE;
				MTL_FAST_MATH = YES;
				ONLY_ACTIVE_ARCH = YES;
				SDKROOT = iphoneos;
				SWIFT_ACTIVE_COMPILATION_CONDITIONS = "DEBUG $(inherited)";
				SWIFT_OPTIMIZATION_LEVEL = "-Onone";
			};
			name = Debug;
		};
		B26E275F2F88C5F9006A026D /* Release */ = {
			isa = XCBuildConfiguration;
			buildSettings = {
				ALWAYS_SEARCH_USER_PATHS = NO;
				ASSETCATALOG_COMPILER_GENERATE_SWIFT_ASSET_SYMBOL_EXTENSIONS = YES;
				CLANG_ANALYZER_NONNULL = YES;
				CLANG_ANALYZER_NUMBER_OBJECT_CONVERSION = YES_AGGRESSIVE;
				CLANG_CXX_LANGUAGE_STANDARD = "gnu++20";
				CLANG_ENABLE_MODULES = YES;
				CLANG_ENABLE_OBJC_ARC = YES;
				CLANG_ENABLE_OBJC_WEAK = YES;
				CLANG_WARN_BLOCK_CAPTURE_AUTORELEASING = YES;
				CLANG_WARN_BOOL_CONVERSION = YES;
				CLANG_WARN_COMMA = YES;
				CLANG_WARN_CONSTANT_CONVERSION = YES;
				CLANG_WARN_DEPRECATED_OBJC_IMPLEMENTATIONS = YES;
				CLANG_WARN_DIRECT_OBJC_ISA_USAGE = YES_ERROR;
				CLANG_WARN_DOCUMENTATION_COMMENTS = YES;
				CLANG_WARN_EMPTY_BODY = YES;
				CLANG_WARN_ENUM_CONVERSION = YES;
				CLANG_WARN_INFINITE_RECURSION = YES;
				CLANG_WARN_INT_CONVERSION = YES;
				CLANG_WARN_NON_LITERAL_NULL_CONVERSION = YES;
				CLANG_WARN_OBJC_IMPLICIT_RETAIN_SELF = YES;
				CLANG_WARN_OBJC_LITERAL_CONVERSION = YES;
				CLANG_WARN_OBJC_ROOT_CLASS = YES_ERROR;
				CLANG_WARN_QUOTED_INCLUDE_IN_FRAMEWORK_HEADER = YES;
				CLANG_WARN_RANGE_LOOP_ANALYSIS = YES;
				CLANG_WARN_STRICT_PROTOTYPES = YES;
				CLANG_WARN_SUSPICIOUS_MOVE = YES;
				CLANG_WARN_UNGUARDED_AVAILABILITY = YES_AGGRESSIVE;
				CLANG_WARN_UNREACHABLE_CODE = YES;
				CLANG_WARN__DUPLICATE_METHOD_MATCH = YES;
				COPY_PHASE_STRIP = NO;
				DEBUG_INFORMATION_FORMAT = "dwarf-with-dsym";
				DEVELOPMENT_TEAM = ALAUTD7825;
				ENABLE_NS_ASSERTIONS = NO;
				ENABLE_STRICT_OBJC_MSGSEND = YES;
				ENABLE_USER_SCRIPT_SANDBOXING = YES;
				GCC_C_LANGUAGE_STANDARD = gnu17;
				GCC_NO_COMMON_BLOCKS = YES;
				GCC_WARN_64_TO_32_BIT_CONVERSION = YES;
				GCC_WARN_ABOUT_RETURN_TYPE = YES_ERROR;
				GCC_WARN_UNDECLARED_SELECTOR = YES;
				GCC_WARN_UNINITIALIZED_AUTOS = YES_AGGRESSIVE;
				GCC_WARN_UNUSED_FUNCTION = YES;
				GCC_WARN_UNUSED_VARIABLE = YES;
				IPHONEOS_DEPLOYMENT_TARGET = 26.4;
				LOCALIZATION_PREFERS_STRING_CATALOGS = YES;
				MTL_ENABLE_DEBUG_INFO = NO;
				MTL_FAST_MATH = YES;
				SDKROOT = iphoneos;
				SWIFT_COMPILATION_MODE = wholemodule;
				VALIDATE_PRODUCT = YES;
			};
			name = Release;
		};
		B26E27612F88C5F9006A026D /* Debug */ = {
			isa = XCBuildConfiguration;
			buildSettings = {
				ASSETCATALOG_COMPILER_APPICON_NAME = AppIcon;
				ASSETCATALOG_COMPILER_GLOBAL_ACCENT_COLOR_NAME = AccentColor;
				CODE_SIGN_STYLE = Automatic;
				CURRENT_PROJECT_VERSION = 1;
				DEVELOPMENT_TEAM = ALAUTD7825;
				ENABLE_PREVIEWS = YES;
				GENERATE_INFOPLIST_FILE = YES;
				INFOPLIST_KEY_UIApplicationSceneManifest_Generation = YES;
				INFOPLIST_KEY_UIApplicationSupportsIndirectInputEvents = YES;
				INFOPLIST_KEY_UILaunchScreen_Generation = YES;
				INFOPLIST_KEY_UISupportedInterfaceOrientations_iPad = "UIInterfaceOrientationPortrait UIInterfaceOrientationPortraitUpsideDown UIInterfaceOrientationLandscapeLeft UIInterfaceOrientationLandscapeRight";
				INFOPLIST_KEY_UISupportedInterfaceOrientations_iPhone = "UIInterfaceOrientationPortrait UIInterfaceOrientationLandscapeLeft UIInterfaceOrientationLandscapeRight";
				IPHONEOS_DEPLOYMENT_TARGET = 16.6;
				LD_RUNPATH_SEARCH_PATHS = (
					"$(inherited)",
					"@executable_path/Frameworks",
				);
				MARKETING_VERSION = 1.0;
				PRODUCT_BUNDLE_IDENTIFIER = com.remidio.DevOpsPipelineApp;
				PRODUCT_NAME = "$(TARGET_NAME)";
				STRING_CATALOG_GENERATE_SYMBOLS = YES;
				SWIFT_APPROACHABLE_CONCURRENCY = YES;
				SWIFT_DEFAULT_ACTOR_ISOLATION = MainActor;
				SWIFT_EMIT_LOC_STRINGS = YES;
				SWIFT_UPCOMING_FEATURE_MEMBER_IMPORT_VISIBILITY = YES;
				SWIFT_VERSION = 5.0;
				TARGETED_DEVICE_FAMILY = "1,2";
			};
			name = Debug;
		};
		B26E27622F88C5F9006A026D /* Release */ = {
			isa = XCBuildConfiguration;
			buildSettings = {
				ASSETCATALOG_COMPILER_APPICON_NAME = AppIcon;
				ASSETCATALOG_COMPILER_GLOBAL_ACCENT_COLOR_NAME = AccentColor;
				CODE_SIGN_STYLE = Automatic;
				CURRENT_PROJECT_VERSION = 1;
				DEVELOPMENT_TEAM = ALAUTD7825;
				ENABLE_PREVIEWS = YES;
				GENERATE_INFOPLIST_FILE = YES;
				INFOPLIST_KEY_UIApplicationSceneManifest_Generation = YES;
				INFOPLIST_KEY_UIApplicationSupportsIndirectInputEvents = YES;
				INFOPLIST_KEY_UILaunchScreen_Generation = YES;
				INFOPLIST_KEY_UISupportedInterfaceOrientations_iPad = "UIInterfaceOrientationPortrait UIInterfaceOrientationPortraitUpsideDown UIInterfaceOrientationLandscapeLeft UIInterfaceOrientationLandscapeRight";
				INFOPLIST_KEY_UISupportedInterfaceOrientations_iPhone = "UIInterfaceOrientationPortrait UIInterfaceOrientationLandscapeLeft UIInterfaceOrientationLandscapeRight";
				IPHONEOS_DEPLOYMENT_TARGET = 16.6;
				LD_RUNPATH_SEARCH_PATHS = (
					"$(inherited)",
					"@executable_path/Frameworks",
				);
				MARKETING_VERSION = 1.0;
				PRODUCT_BUNDLE_IDENTIFIER = com.remidio.DevOpsPipelineApp;
				PRODUCT_NAME = "$(TARGET_NAME)";
				STRING_CATALOG_GENERATE_SYMBOLS = YES;
				SWIFT_APPROACHABLE_CONCURRENCY = YES;
				SWIFT_DEFAULT_ACTOR_ISOLATION = MainActor;
				SWIFT_EMIT_LOC_STRINGS = YES;
				SWIFT_UPCOMING_FEATURE_MEMBER_IMPORT_VISIBILITY = YES;
				SWIFT_VERSION = 5.0;
				TARGETED_DEVICE_FAMILY = "1,2";
			};
			name = Release;
		};
		B26E27642F88C5F9006A026D /* Debug */ = {
			isa = XCBuildConfiguration;
			buildSettings = {
				BUNDLE_LOADER = "$(TEST_HOST)";
				CODE_SIGN_STYLE = Automatic;
				CURRENT_PROJECT_VERSION = 1;
				DEVELOPMENT_TEAM = ALAUTD7825;
				GENERATE_INFOPLIST_FILE = YES;
				IPHONEOS_DEPLOYMENT_TARGET = 16.6;
				MARKETING_VERSION = 1.0;
				PRODUCT_BUNDLE_IDENTIFIER = com.remidio.DevOpsPipelineAppTests;
				PRODUCT_NAME = "$(TARGET_NAME)";
				STRING_CATALOG_GENERATE_SYMBOLS = NO;
				SWIFT_APPROACHABLE_CONCURRENCY = YES;
				SWIFT_EMIT_LOC_STRINGS = NO;
				SWIFT_UPCOMING_FEATURE_MEMBER_IMPORT_VISIBILITY = YES;
				SWIFT_VERSION = 5.0;
				TARGETED_DEVICE_FAMILY = "1,2";
				TEST_HOST = "$(BUILT_PRODUCTS_DIR)/DevOpsPipelineApp.app/$(BUNDLE_EXECUTABLE_FOLDER_PATH)/DevOpsPipelineApp";
			};
			name = Debug;
		};
		B26E27652F88C5F9006A026D /* Release */ = {
			isa = XCBuildConfiguration;
			buildSettings = {
				BUNDLE_LOADER = "$(TEST_HOST)";
				CODE_SIGN_STYLE = Automatic;
				CURRENT_PROJECT_VERSION = 1;
				DEVELOPMENT_TEAM = ALAUTD7825;
				GENERATE_INFOPLIST_FILE = YES;
				IPHONEOS_DEPLOYMENT_TARGET = 16.6;
				MARKETING_VERSION = 1.0;
				PRODUCT_BUNDLE_IDENTIFIER = com.remidio.DevOpsPipelineAppTests;
				PRODUCT_NAME = "$(TARGET_NAME)";
				STRING_CATALOG_GENERATE_SYMBOLS = NO;
				SWIFT_APPROACHABLE_CONCURRENCY = YES;
				SWIFT_EMIT_LOC_STRINGS = NO;
				SWIFT_UPCOMING_FEATURE_MEMBER_IMPORT_VISIBILITY = YES;
				SWIFT_VERSION = 5.0;
				TARGETED_DEVICE_FAMILY = "1,2";
				TEST_HOST = "$(BUILT_PRODUCTS_DIR)/DevOpsPipelineApp.app/$(BUNDLE_EXECUTABLE_FOLDER_PATH)/DevOpsPipelineApp";
			};
			name = Release;
		};
		B26E27672F88C5F9006A026D /* Debug */ = {
			isa = XCBuildConfiguration;
			buildSettings = {
				CODE_SIGN_STYLE = Automatic;
				CURRENT_PROJECT_VERSION = 1;
				DEVELOPMENT_TEAM = ALAUTD7825;
				GENERATE_INFOPLIST_FILE = YES;
				IPHONEOS_DEPLOYMENT_TARGET = 16.6;
				MARKETING_VERSION = 1.0;
				PRODUCT_BUNDLE_IDENTIFIER = com.remidio.DevOpsPipelineAppUITests;
				PRODUCT_NAME = "$(TARGET_NAME)";
				STRING_CATALOG_GENERATE_SYMBOLS = NO;
				SWIFT_APPROACHABLE_CONCURRENCY = YES;
				SWIFT_EMIT_LOC_STRINGS = NO;
				SWIFT_UPCOMING_FEATURE_MEMBER_IMPORT_VISIBILITY = YES;
				SWIFT_VERSION = 5.0;
				TARGETED_DEVICE_FAMILY = "1,2";
				TEST_TARGET_NAME = DevOpsPipelineApp;
			};
			name = Debug;
		};
		B26E27682F88C5F9006A026D /* Release */ = {
			isa = XCBuildConfiguration;
			buildSettings = {
				CODE_SIGN_STYLE = Automatic;
				CURRENT_PROJECT_VERSION = 1;
				DEVELOPMENT_TEAM = ALAUTD7825;
				GENERATE_INFOPLIST_FILE = YES;
				IPHONEOS_DEPLOYMENT_TARGET = 16.6;
				MARKETING_VERSION = 1.0;
				PRODUCT_BUNDLE_IDENTIFIER = com.remidio.DevOpsPipelineAppUITests;
				PRODUCT_NAME = "$(TARGET_NAME)";
				STRING_CATALOG_GENERATE_SYMBOLS = NO;
				SWIFT_APPROACHABLE_CONCURRENCY = YES;
				SWIFT_EMIT_LOC_STRINGS = NO;
				SWIFT_UPCOMING_FEATURE_MEMBER_IMPORT_VISIBILITY = YES;
				SWIFT_VERSION = 5.0;
				TARGETED_DEVICE_FAMILY = "1,2";
				TEST_TARGET_NAME = DevOpsPipelineApp;
			};
			name = Release;
		};
/* End XCBuildConfiguration section */

/* Begin XCConfigurationList section */
		B26E273A2F88C5F7006A026D /* Build configuration list for PBXProject "DevOpsPipelineApp" */ = {
			isa = XCConfigurationList;
			buildConfigurations = (
				B26E275E2F88C5F9006A026D /* Debug */,
				B26E275F2F88C5F9006A026D /* Release */,
			);
			defaultConfigurationIsVisible = 0;
			defaultConfigurationName = Release;
		};
		B26E27602F88C5F9006A026D /* Build configuration list for PBXNativeTarget "DevOpsPipelineApp" */ = {
			isa = XCConfigurationList;
			buildConfigurations = (
				B26E27612F88C5F9006A026D /* Debug */,
				B26E27622F88C5F9006A026D /* Release */,
			);
			defaultConfigurationIsVisible = 0;
			defaultConfigurationName = Release;
		};
		B26E27632F88C5F9006A026D /* Build configuration list for PBXNativeTarget "DevOpsPipelineAppTests" */ = {
			isa = XCConfigurationList;
			buildConfigurations = (
				B26E27642F88C5F9006A026D /* Debug */,
				B26E27652F88C5F9006A026D /* Release */,
			);
			defaultConfigurationIsVisible = 0;
			defaultConfigurationName = Release;
		};
		B26E27662F88C5F9006A026D /* Build configuration list for PBXNativeTarget "DevOpsPipelineAppUITests" */ = {
			isa = XCConfigurationList;
			buildConfigurations = (
				B26E27672F88C5F9006A026D /* Debug */,
				B26E27682F88C5F9006A026D /* Release */,
			);
			defaultConfigurationIsVisible = 0;
			defaultConfigurationName = Release;
		};
/* End XCConfigurationList section */
	};
	rootObject = B26E27372F88C5F7006A026D /* Project object */;
}
